hash: 1a63d64eb7354ecabb9509f281f3a1dbe2c7dc52415825b735f5d0d7ff517698
updated: 2016-11-24T14:24:13.654797987-08:00
imports:
- name: cloud.google.com/go
  version: 5eaf111e5069f953c4365a8e93cc23f674630c93
  subpackages:
  - compute/metadata
  - internal
- name: github.com/golang/protobuf
  version: 8ee79997227bf9b34611aee7946ae64735e6fd93
  subpackages:
  - proto
- name: github.com/googleapis/gax-go
  version: da06d194a00e19ce00d9011a13931c3f6f6887c7
- name: golang.org/x/net
  version: 4971afdc2f162e82d185353533d3cf16188a9f4e
  subpackages:
  - context
  - context/ctxhttp
  - http2
  - http2/hpack
  - idna
  - internal/timeseries
  - lex/httplex
  - trace
- name: golang.org/x/oauth2
  version: d5040cddfc0da40b408c9a1da4728662435176a9
  subpackages:
  - google
  - internal
  - jws
  - jwt
- name: google.golang.org/api
  version: c8d75a8ec737f9b8b1ed2676c28feedbe21f543f
  subpackages:
  - gensupport
  - googleapi
  - googleapi/internal/uritemplates
  - storage/v1
- name: google.golang.org/appengine
  version: ca59ef35f409df61fa4a5f8290ff289b37eccfb8
  subpackages:
  - internal
  - internal/app_identity
  - internal/base
  - internal/datastore
  - internal/log
  - internal/modules
  - internal/remote_api
  - internal/urlfetch
  - urlfetch
- name: google.golang.org/grpc
  version: eca2ad68af4d7bf894ada6bd263133f069a441d5
  subpackages:
  - codes
  - credentials
  - grpclog
  - internal
  - metadata
  - naming
  - peer
  - stats
  - tap
  - transport
testImports: []
